
Microsoft Visual Studio Solution File, Format Version 12.00
# Visual Studio Version 16
VisualStudioVersion = 16.0.29806.167
MinimumVisualStudioVersion = 10.0.40219.1
Project("{9A19103F-16F7-4668-BE54-9A1E7A4F7556}") = "GitHubExplorer", "GitHubExplorer.App\GitHubExplorer.csproj", "{CC892F08-FBC6-4CA0-976A-CB73C9744284}"
EndProject
Project("{9A19103F-16F7-4668-BE54-9A1E7A4F7556}") = "GitHubExplorer.Tests", "GitHubExplorer.Tests\GitHubExplorer.Tests.csproj", "{73999A68-FC22-4495-8C36-11F42443F994}"
EndProject
Global
	GlobalSection(SolutionConfigurationPlatforms) = preSolution
		Debug|Any CPU = Debug|Any CPU
		Release|Any CPU = Release|Any CPU
	EndGlobalSection
	GlobalSection(ProjectConfigurationPlatforms) = postSolution
		{CC892F08-FBC6-4CA0-976A-CB73C9744284}.Debug|Any CPU.ActiveCfg = Debug|Any CPU
		{CC892F08-FBC6-4CA0-976A-CB73C9744284}.Debug|Any CPU.Build.0 = Debug|Any CPU
		{CC892F08-FBC6-4CA0-976A-CB73C9744284}.Release|Any CPU.ActiveCfg = Release|Any CPU
		{CC892F08-FBC6-4CA0-976A-CB73C9744284}.Release|Any CPU.Build.0 = Release|Any CPU
		{73999A68-FC22-4495-8C36-11F42443F994}.Debug|Any CPU.ActiveCfg = Debug|Any CPU
		{73999A68-FC22-4495-8C36-11F42443F994}.Debug|Any CPU.Build.0 = Debug|Any CPU
		{73999A68-FC22-4495-8C36-11F42443F994}.Release|Any CPU.ActiveCfg = Release|Any CPU
		{73999A68-FC22-4495-8C36-11F42443F994}.Release|Any CPU.Build.0 = Release|Any CPU
	EndGlobalSection
	GlobalSection(SolutionProperties) = preSolution
		HideSolutionNode = FALSE
	EndGlobalSection
	GlobalSection(ExtensibilityGlobals) = postSolution
		SolutionGuid = {59E63C5E-32C6-4D05-9AE5-8D7A08EA91E2}
	EndGlobalSection
EndGlobal
